
Microsoft Visual Studio Solution File, Format Version 12.00
# Visual Studio 14
VisualStudioVersion = 14.0.25420.1
MinimumVisualStudioVersion = 10.0.40219.1
Project("{FAE04EC0-301F-11D3-BF4B-00C04F79EFBC}") = "Tests", "Tests\Tests.csproj", "{107C4E55-C029-4DC4-8DB2-D9937B827F7B}"
EndProject
Project("{FAE04EC0-301F-11D3-BF4B-00C04F79EFBC}") = "Cadoscopia", "Cadoscopia\Cadoscopia.csproj", "{A113AAB4-A01F-4ADA-B6D4-E1C99C2862A1}"
EndProject
Project("{2150E333-8FDC-42A3-9474-1A3956D46DE8}") = "Solution Items", "Solution Items", "{EEFBB6DF-5A61-443A-9FA9-B7779B38E4CE}"
	ProjectSection(SolutionItems) = preProject
		LICENSE = LICENSE
		README.md = README.md
	EndProjectSection
EndProject
Project("{FAE04EC0-301F-11D3-BF4B-00C04F79EFBC}") = "Cadoscopia.Parametric", "Cadoscopia.Parametric\Cadoscopia.Parametric.csproj", "{7C9D0A48-B863-4190-BC4E-1F06FF8937B9}"
EndProject
Project("{FAE04EC0-301F-11D3-BF4B-00C04F79EFBC}") = "Cadoscopia.Geometry", "Cadoscopia.Geometry\Cadoscopia.Geometry.csproj", "{D9BE0262-8230-4265-AFC3-24C8775F41ED}"
EndProject
Project("{FAE04EC0-301F-11D3-BF4B-00C04F79EFBC}") = "Cadoscopia.DatabaseServices", "Cadoscopia.DatabaseServices\Cadoscopia.DatabaseServices.csproj", "{B11D06CF-4E3B-4F22-A69B-A82C135A8992}"
EndProject
Project("{FAE04EC0-301F-11D3-BF4B-00C04F79EFBC}") = "Cadoscopia.Core", "Cadoscopia.Core\Cadoscopia.Core.csproj", "{2BE7B1D8-15A8-41DB-8390-0595249213C6}"
EndProject
Global
	GlobalSection(SolutionConfigurationPlatforms) = preSolution
		Debug|Any CPU = Debug|Any CPU
		Release|Any CPU = Release|Any CPU
	EndGlobalSection
	GlobalSection(ProjectConfigurationPlatforms) = postSolution
		{107C4E55-C029-4DC4-8DB2-D9937B827F7B}.Debug|Any CPU.ActiveCfg = Debug|Any CPU
		{107C4E55-C029-4DC4-8DB2-D9937B827F7B}.Debug|Any CPU.Build.0 = Debug|Any CPU
		{107C4E55-C029-4DC4-8DB2-D9937B827F7B}.Release|Any CPU.ActiveCfg = Release|Any CPU
		{107C4E55-C029-4DC4-8DB2-D9937B827F7B}.Release|Any CPU.Build.0 = Release|Any CPU
		{A113AAB4-A01F-4ADA-B6D4-E1C99C2862A1}.Debug|Any CPU.ActiveCfg = Debug|Any CPU
		{A113AAB4-A01F-4ADA-B6D4-E1C99C2862A1}.Debug|Any CPU.Build.0 = Debug|Any CPU
		{A113AAB4-A01F-4ADA-B6D4-E1C99C2862A1}.Release|Any CPU.ActiveCfg = Release|Any CPU
		{A113AAB4-A01F-4ADA-B6D4-E1C99C2862A1}.Release|Any CPU.Build.0 = Release|Any CPU
		{7C9D0A48-B863-4190-BC4E-1F06FF8937B9}.Debug|Any CPU.ActiveCfg = Debug|Any CPU
		{7C9D0A48-B863-4190-BC4E-1F06FF8937B9}.Debug|Any CPU.Build.0 = Debug|Any CPU
		{7C9D0A48-B863-4190-BC4E-1F06FF8937B9}.Release|Any CPU.ActiveCfg = Release|Any CPU
		{7C9D0A48-B863-4190-BC4E-1F06FF8937B9}.Release|Any CPU.Build.0 = Release|Any CPU
		{D9BE0262-8230-4265-AFC3-24C8775F41ED}.Debug|Any CPU.ActiveCfg = Debug|Any CPU
		{D9BE0262-8230-4265-AFC3-24C8775F41ED}.Debug|Any CPU.Build.0 = Debug|Any CPU
		{D9BE0262-8230-4265-AFC3-24C8775F41ED}.Release|Any CPU.ActiveCfg = Release|Any CPU
		{D9BE0262-8230-4265-AFC3-24C8775F41ED}.Release|Any CPU.Build.0 = Release|Any CPU
		{B11D06CF-4E3B-4F22-A69B-A82C135A8992}.Debug|Any CPU.ActiveCfg = Debug|Any CPU
		{B11D06CF-4E3B-4F22-A69B-A82C135A8992}.Debug|Any CPU.Build.0 = Debug|Any CPU
		{B11D06CF-4E3B-4F22-A69B-A82C135A8992}.Release|Any CPU.ActiveCfg = Release|Any CPU
		{B11D06CF-4E3B-4F22-A69B-A82C135A8992}.Release|Any CPU.Build.0 = Release|Any CPU
		{2BE7B1D8-15A8-41DB-8390-0595249213C6}.Debug|Any CPU.ActiveCfg = Debug|Any CPU
		{2BE7B1D8-15A8-41DB-8390-0595249213C6}.Debug|Any CPU.Build.0 = Debug|Any CPU
		{2BE7B1D8-15A8-41DB-8390-0595249213C6}.Release|Any CPU.ActiveCfg = Release|Any CPU
		{2BE7B1D8-15A8-41DB-8390-0595249213C6}.Release|Any CPU.Build.0 = Release|Any CPU
	EndGlobalSection
	GlobalSection(SolutionProperties) = preSolution
		HideSolutionNode = FALSE
	EndGlobalSection
EndGlobal
